// !$*UTF8*$!
{
	archiveVersion = 1;
	classes = {
	};
	objectVersion = 50;
	objects = {

/* Begin PBXBuildFile section */
		9E9D21A325C5523700410F83 /* XMLParserManager.swift in Sources */ = {isa = PBXBuildFile; fileRef = 9E9D21A225C5523700410F83 /* XMLParserManager.swift */; };
		9E9D21A925C57E7A00410F83 /* FilterType.swift in Sources */ = {isa = PBXBuildFile; fileRef = 9E9D21A825C57E7A00410F83 /* FilterType.swift */; };
		9E9D21AC25C57F1A00410F83 /* UIImage+Filter.swift in Sources */ = {isa = PBXBuildFile; fileRef = 9E9D21AB25C57F1A00410F83 /* UIImage+Filter.swift */; };
		9ECDE38925C040B90076545F /* AppDelegate.swift in Sources */ = {isa = PBXBuildFile; fileRef = 9ECDE38825C040B90076545F /* AppDelegate.swift */; };
		9ECDE38B25C040B90076545F /* SceneDelegate.swift in Sources */ = {isa = PBXBuildFile; fileRef = 9ECDE38A25C040B90076545F /* SceneDelegate.swift */; };
		9ECDE39225C040BE0076545F /* Assets.xcassets in Resources */ = {isa = PBXBuildFile; fileRef = 9ECDE39125C040BE0076545F /* Assets.xcassets */; };
		9ECDE39525C040BE0076545F /* LaunchScreen.storyboard in Resources */ = {isa = PBXBuildFile; fileRef = 9ECDE39325C040BE0076545F /* LaunchScreen.storyboard */; };
		9ECDE3A725C046ED0076545F /* FeedViewController.swift in Sources */ = {isa = PBXBuildFile; fileRef = 9ECDE3A625C046ED0076545F /* FeedViewController.swift */; };
		9ECDE3AA25C047010076545F /* FeedView.swift in Sources */ = {isa = PBXBuildFile; fileRef = 9ECDE3A925C047010076545F /* FeedView.swift */; };
		9ECDE3AD25C047160076545F /* FeedPresenter.swift in Sources */ = {isa = PBXBuildFile; fileRef = 9ECDE3AC25C047160076545F /* FeedPresenter.swift */; };
		9ECDE3B025C047DF0076545F /* Assembly.swift in Sources */ = {isa = PBXBuildFile; fileRef = 9ECDE3AF25C047DF0076545F /* Assembly.swift */; };
		9ECDE3B425C0585C0076545F /* FeedCell.swift in Sources */ = {isa = PBXBuildFile; fileRef = 9ECDE3B325C0585C0076545F /* FeedCell.swift */; };
		9ECDE3B725C05E610076545F /* Constants.swift in Sources */ = {isa = PBXBuildFile; fileRef = 9ECDE3B625C05E610076545F /* Constants.swift */; };
/* End PBXBuildFile section */

/* Begin PBXFileReference section */
		9E9D21A225C5523700410F83 /* XMLParserManager.swift */ = {isa = PBXFileReference; lastKnownFileType = sourcecode.swift; path = XMLParserManager.swift; sourceTree = "<group>"; };
		9E9D21A825C57E7A00410F83 /* FilterType.swift */ = {isa = PBXFileReference; lastKnownFileType = sourcecode.swift; path = FilterType.swift; sourceTree = "<group>"; };
		9E9D21AB25C57F1A00410F83 /* UIImage+Filter.swift */ = {isa = PBXFileReference; lastKnownFileType = sourcecode.swift; path = "UIImage+Filter.swift"; sourceTree = "<group>"; };
		9ECDE38525C040B90076545F /* RSSImageEditor.app */ = {isa = PBXFileReference; explicitFileType = wrapper.application; includeInIndex = 0; path = RSSImageEditor.app; sourceTree = BUILT_PRODUCTS_DIR; };
		9ECDE38825C040B90076545F /* AppDelegate.swift */ = {isa = PBXFileReference; lastKnownFileType = sourcecode.swift; path = AppDelegate.swift; sourceTree = "<group>"; };
		9ECDE38A25C040B90076545F /* SceneDelegate.swift */ = {isa = PBXFileReference; lastKnownFileType = sourcecode.swift; path = SceneDelegate.swift; sourceTree = "<group>"; };
		9ECDE39125C040BE0076545F /* Assets.xcassets */ = {isa = PBXFileReference; lastKnownFileType = folder.assetcatalog; path = Assets.xcassets; sourceTree = "<group>"; };
		9ECDE39425C040BE0076545F /* Base */ = {isa = PBXFileReference; lastKnownFileType = file.storyboard; name = Base; path = Base.lproj/LaunchScreen.storyboard; sourceTree = "<group>"; };
		9ECDE39625C040BE0076545F /* Info.plist */ = {isa = PBXFileReference; lastKnownFileType = text.plist.xml; path = Info.plist; sourceTree = "<group>"; };
		9ECDE3A625C046ED0076545F /* FeedViewController.swift */ = {isa = PBXFileReference; lastKnownFileType = sourcecode.swift; path = FeedViewController.swift; sourceTree = "<group>"; };
		9ECDE3A925C047010076545F /* FeedView.swift */ = {isa = PBXFileReference; lastKnownFileType = sourcecode.swift; path = FeedView.swift; sourceTree = "<group>"; };
		9ECDE3AC25C047160076545F /* FeedPresenter.swift */ = {isa = PBXFileReference; lastKnownFileType = sourcecode.swift; path = FeedPresenter.swift; sourceTree = "<group>"; };
		9ECDE3AF25C047DF0076545F /* Assembly.swift */ = {isa = PBXFileReference; lastKnownFileType = sourcecode.swift; path = Assembly.swift; sourceTree = "<group>"; };
		9ECDE3B325C0585C0076545F /* FeedCell.swift */ = {isa = PBXFileReference; lastKnownFileType = sourcecode.swift; path = FeedCell.swift; sourceTree = "<group>"; };
		9ECDE3B625C05E610076545F /* Constants.swift */ = {isa = PBXFileReference; lastKnownFileType = sourcecode.swift; path = Constants.swift; sourceTree = "<group>"; };
/* End PBXFileReference section */

/* Begin PBXFrameworksBuildPhase section */
		9ECDE38225C040B90076545F /* Frameworks */ = {
			isa = PBXFrameworksBuildPhase;
			buildActionMask = 2147483647;
			files = (
			);
			runOnlyForDeploymentPostprocessing = 0;
		};
/* End PBXFrameworksBuildPhase section */

/* Begin PBXGroup section */
		9E9D21A625C57E4200410F83 /* Views */ = {
			isa = PBXGroup;
			children = (
				9ECDE3A925C047010076545F /* FeedView.swift */,
				9ECDE3B325C0585C0076545F /* FeedCell.swift */,
			);
			path = Views;
			sourceTree = "<group>";
		};
		9ECDE37C25C040B90076545F = {
			isa = PBXGroup;
			children = (
				9ECDE38725C040B90076545F /* RSSImageEditor */,
				9ECDE38625C040B90076545F /* Products */,
			);
			sourceTree = "<group>";
		};
		9ECDE38625C040B90076545F /* Products */ = {
			isa = PBXGroup;
			children = (
				9ECDE38525C040B90076545F /* RSSImageEditor.app */,
			);
			name = Products;
			sourceTree = "<group>";
		};
		9ECDE38725C040B90076545F /* RSSImageEditor */ = {
			isa = PBXGroup;
			children = (
				9ECDE3A025C0466B0076545F /* Application */,
				9ECDE3A425C046AD0076545F /* Module */,
				9ECDE3A125C046810076545F /* Supporting files */,
			);
			path = RSSImageEditor;
			sourceTree = "<group>";
		};
		9ECDE3A025C0466B0076545F /* Application */ = {
			isa = PBXGroup;
			children = (
				9ECDE38825C040B90076545F /* AppDelegate.swift */,
				9ECDE38A25C040B90076545F /* SceneDelegate.swift */,
				9ECDE3AF25C047DF0076545F /* Assembly.swift */,
			);
			path = Application;
			sourceTree = "<group>";
		};
		9ECDE3A125C046810076545F /* Supporting files */ = {
			isa = PBXGroup;
			children = (
				9E9D21A225C5523700410F83 /* XMLParserManager.swift */,
				9E9D21AB25C57F1A00410F83 /* UIImage+Filter.swift */,
				9E9D21A825C57E7A00410F83 /* FilterType.swift */,
				9ECDE3B625C05E610076545F /* Constants.swift */,
				9ECDE39125C040BE0076545F /* Assets.xcassets */,
				9ECDE39325C040BE0076545F /* LaunchScreen.storyboard */,
				9ECDE39625C040BE0076545F /* Info.plist */,
			);
			path = "Supporting files";
			sourceTree = "<group>";
		};
		9ECDE3A425C046AD0076545F /* Module */ = {
			isa = PBXGroup;
			children = (
				9ECDE3AC25C047160076545F /* FeedPresenter.swift */,
				9ECDE3A625C046ED0076545F /* FeedViewController.swift */,
				9E9D21A625C57E4200410F83 /* Views */,
			);
			path = Module;
			sourceTree = "<group>";
		};
/* End PBXGroup section */

/* Begin PBXNativeTarget section */
		9ECDE38425C040B90076545F /* RSSImageEditor */ = {
			isa = PBXNativeTarget;
			buildConfigurationList = 9ECDE39925C040BE0076545F /* Build configuration list for PBXNativeTarget "RSSImageEditor" */;
			buildPhases = (
				9ECDE38125C040B90076545F /* Sources */,
				9ECDE38225C040B90076545F /* Frameworks */,
				9ECDE38325C040B90076545F /* Resources */,
			);
			buildRules = (
			);
			dependencies = (
			);
			name = RSSImageEditor;
			productName = RSSImageEditor;
			productReference = 9ECDE38525C040B90076545F /* RSSImageEditor.app */;
			productType = "com.apple.product-type.application";
		};
/* End PBXNativeTarget section */

/* Begin PBXProject section */
		9ECDE37D25C040B90076545F /* Project object */ = {
			isa = PBXProject;
			attributes = {
				LastSwiftUpdateCheck = 1230;
				LastUpgradeCheck = 1230;
				TargetAttributes = {
					9ECDE38425C040B90076545F = {
						CreatedOnToolsVersion = 12.3;
					};
				};
			};
			buildConfigurationList = 9ECDE38025C040B90076545F /* Build configuration list for PBXProject "RSSImageEditor" */;
			compatibilityVersion = "Xcode 9.3";
			developmentRegion = en;
			hasScannedForEncodings = 0;
			knownRegions = (
				en,
				Base,
			);
			mainGroup = 9ECDE37C25C040B90076545F;
			productRefGroup = 9ECDE38625C040B90076545F /* Products */;
			projectDirPath = "";
			projectRoot = "";
			targets = (
				9ECDE38425C040B90076545F /* RSSImageEditor */,
			);
		};
/* End PBXProject section */

/* Begin PBXResourcesBuildPhase section */
		9ECDE38325C040B90076545F /* Resources */ = {
			isa = PBXResourcesBuildPhase;
			buildActionMask = 2147483647;
			files = (
				9ECDE39525C040BE0076545F /* LaunchScreen.storyboard in Resources */,
				9ECDE39225C040BE0076545F /* Assets.xcassets in Resources */,
			);
			runOnlyForDeploymentPostprocessing = 0;
		};
/* End PBXResourcesBuildPhase section */

/* Begin PBXSourcesBuildPhase section */
		9ECDE38125C040B90076545F /* Sources */ = {
			isa = PBXSourcesBuildPhase;
			buildActionMask = 2147483647;
			files = (
				9ECDE3B425C0585C0076545F /* FeedCell.swift in Sources */,
				9ECDE3AD25C047160076545F /* FeedPresenter.swift in Sources */,
				9ECDE3B025C047DF0076545F /* Assembly.swift in Sources */,
				9ECDE3AA25C047010076545F /* FeedView.swift in Sources */,
				9E9D21A325C5523700410F83 /* XMLParserManager.swift in Sources */,
				9E9D21A925C57E7A00410F83 /* FilterType.swift in Sources */,
				9E9D21AC25C57F1A00410F83 /* UIImage+Filter.swift in Sources */,
				9ECDE38925C040B90076545F /* AppDelegate.swift in Sources */,
				9ECDE3A725C046ED0076545F /* FeedViewController.swift in Sources */,
				9ECDE38B25C040B90076545F /* SceneDelegate.swift in Sources */,
				9ECDE3B725C05E610076545F /* Constants.swift in Sources */,
			);
			runOnlyForDeploymentPostprocessing = 0;
		};
/* End PBXSourcesBuildPhase section */

/* Begin PBXVariantGroup section */
		9ECDE39325C040BE0076545F /* LaunchScreen.storyboard */ = {
			isa = PBXVariantGroup;
			children = (
				9ECDE39425C040BE0076545F /* Base */,
			);
			name = LaunchScreen.storyboard;
			sourceTree = "<group>";
		};
/* End PBXVariantGroup section */

/* Begin XCBuildConfiguration section */
		9ECDE39725C040BE0076545F /* Debug */ = {
			isa = XCBuildConfiguration;
			buildSettings = {
				ALWAYS_SEARCH_USER_PATHS = NO;
				CLANG_ANALYZER_NONNULL = YES;
				CLANG_ANALYZER_NUMBER_OBJECT_CONVERSION = YES_AGGRESSIVE;
				CLANG_CXX_LANGUAGE_STANDARD = "gnu++14";
				CLANG_CXX_LIBRARY = "libc++";
				CLANG_ENABLE_MODULES = YES;
				CLANG_ENABLE_OBJC_ARC = YES;
				CLANG_ENABLE_OBJC_WEAK = YES;
				CLANG_WARN_BLOCK_CAPTURE_AUTORELEASING = YES;
				CLANG_WARN_BOOL_CONVERSION = YES;
				CLANG_WARN_COMMA = YES;
				CLANG_WARN_CONSTANT_CONVERSION = YES;
				CLANG_WARN_DEPRECATED_OBJC_IMPLEMENTATIONS = YES;
				CLANG_WARN_DIRECT_OBJC_ISA_USAGE = YES_ERROR;
				CLANG_WARN_DOCUMENTATION_COMMENTS = YES;
				CLANG_WARN_EMPTY_BODY = YES;
				CLANG_WARN_ENUM_CONVERSION = YES;
				CLANG_WARN_INFINITE_RECURSION = YES;
				CLANG_WARN_INT_CONVERSION = YES;
				CLANG_WARN_NON_LITERAL_NULL_CONVERSION = YES;
				CLANG_WARN_OBJC_IMPLICIT_RETAIN_SELF = YES;
				CLANG_WARN_OBJC_LITERAL_CONVERSION = YES;
				CLANG_WARN_OBJC_ROOT_CLASS = YES_ERROR;
				CLANG_WARN_QUOTED_INCLUDE_IN_FRAMEWORK_HEADER = YES;
				CLANG_WARN_RANGE_LOOP_ANALYSIS = YES;
				CLANG_WARN_STRICT_PROTOTYPES = YES;
				CLANG_WARN_SUSPICIOUS_MOVE = YES;
				CLANG_WARN_UNGUARDED_AVAILABILITY = YES_AGGRESSIVE;
				CLANG_WARN_UNREACHABLE_CODE = YES;
				CLANG_WARN__DUPLICATE_METHOD_MATCH = YES;
				COPY_PHASE_STRIP = NO;
				DEBUG_INFORMATION_FORMAT = dwarf;
				ENABLE_STRICT_OBJC_MSGSEND = YES;
				ENABLE_TESTABILITY = YES;
				GCC_C_LANGUAGE_STANDARD = gnu11;
				GCC_DYNAMIC_NO_PIC = NO;
				GCC_NO_COMMON_BLOCKS = YES;
				GCC_OPTIMIZATION_LEVEL = 0;
				GCC_PREPROCESSOR_DEFINITIONS = (
					"DEBUG=1",
					"$(inherited)",
				);
				GCC_WARN_64_TO_32_BIT_CONVERSION = YES;
				GCC_WARN_ABOUT_RETURN_TYPE = YES_ERROR;
				GCC_WARN_UNDECLARED_SELECTOR = YES;
				GCC_WARN_UNINITIALIZED_AUTOS = YES_AGGRESSIVE;
				GCC_WARN_UNUSED_FUNCTION = YES;
				GCC_WARN_UNUSED_VARIABLE = YES;
				IPHONEOS_DEPLOYMENT_TARGET = 14.3;
				MTL_ENABLE_DEBUG_INFO = INCLUDE_SOURCE;
				MTL_FAST_MATH = YES;
				ONLY_ACTIVE_ARCH = YES;
				SDKROOT = iphoneos;
				SWIFT_ACTIVE_COMPILATION_CONDITIONS = DEBUG;
				SWIFT_OPTIMIZATION_LEVEL = "-Onone";
			};
			name = Debug;
		};
		9ECDE39825C040BE0076545F /* Release */ = {
			isa = XCBuildConfiguration;
			buildSettings = {
				ALWAYS_SEARCH_USER_PATHS = NO;
				CLANG_ANALYZER_NONNULL = YES;
				CLANG_ANALYZER_NUMBER_OBJECT_CONVERSION = YES_AGGRESSIVE;
				CLANG_CXX_LANGUAGE_STANDARD = "gnu++14";
				CLANG_CXX_LIBRARY = "libc++";
				CLANG_ENABLE_MODULES = YES;
				CLANG_ENABLE_OBJC_ARC = YES;
				CLANG_ENABLE_OBJC_WEAK = YES;
				CLANG_WARN_BLOCK_CAPTURE_AUTORELEASING = YES;
				CLANG_WARN_BOOL_CONVERSION = YES;
				CLANG_WARN_COMMA = YES;
				CLANG_WARN_CONSTANT_CONVERSION = YES;
				CLANG_WARN_DEPRECATED_OBJC_IMPLEMENTATIONS = YES;
				CLANG_WARN_DIRECT_OBJC_ISA_USAGE = YES_ERROR;
				CLANG_WARN_DOCUMENTATION_COMMENTS = YES;
				CLANG_WARN_EMPTY_BODY = YES;
				CLANG_WARN_ENUM_CONVERSION = YES;
				CLANG_WARN_INFINITE_RECURSION = YES;
				CLANG_WARN_INT_CONVERSION = YES;
				CLANG_WARN_NON_LITERAL_NULL_CONVERSION = YES;
				CLANG_WARN_OBJC_IMPLICIT_RETAIN_SELF = YES;
				CLANG_WARN_OBJC_LITERAL_CONVERSION = YES;
				CLANG_WARN_OBJC_ROOT_CLASS = YES_ERROR;
				CLANG_WARN_QUOTED_INCLUDE_IN_FRAMEWORK_HEADER = YES;
				CLANG_WARN_RANGE_LOOP_ANALYSIS = YES;
				CLANG_WARN_STRICT_PROTOTYPES = YES;
				CLANG_WARN_SUSPICIOUS_MOVE = YES;
				CLANG_WARN_UNGUARDED_AVAILABILITY = YES_AGGRESSIVE;
				CLANG_WARN_UNREACHABLE_CODE = YES;
				CLANG_WARN__DUPLICATE_METHOD_MATCH = YES;
				COPY_PHASE_STRIP = NO;
				DEBUG_INFORMATION_FORMAT = "dwarf-with-dsym";
				ENABLE_NS_ASSERTIONS = NO;
				ENABLE_STRICT_OBJC_MSGSEND = YES;
				GCC_C_LANGUAGE_STANDARD = gnu11;
				GCC_NO_COMMON_BLOCKS = YES;
				GCC_WARN_64_TO_32_BIT_CONVERSION = YES;
				GCC_WARN_ABOUT_RETURN_TYPE = YES_ERROR;
				GCC_WARN_UNDECLARED_SELECTOR = YES;
				GCC_WARN_UNINITIALIZED_AUTOS = YES_AGGRESSIVE;
				GCC_WARN_UNUSED_FUNCTION = YES;
				GCC_WARN_UNUSED_VARIABLE = YES;
				IPHONEOS_DEPLOYMENT_TARGET = 14.3;
				MTL_ENABLE_DEBUG_INFO = NO;
				MTL_FAST_MATH = YES;
				SDKROOT = iphoneos;
				SWIFT_COMPILATION_MODE = wholemodule;
				SWIFT_OPTIMIZATION_LEVEL = "-O";
				VALIDATE_PRODUCT = YES;
			};
			name = Release;
		};
		9ECDE39A25C040BE0076545F /* Debug */ = {
			isa = XCBuildConfiguration;
			buildSettings = {
				ASSETCATALOG_COMPILER_APPICON_NAME = AppIcon;
				ASSETCATALOG_COMPILER_GLOBAL_ACCENT_COLOR_NAME = AccentColor;
				CODE_SIGN_STYLE = Automatic;
				DEVELOPMENT_TEAM = CRP36LN34R;
				INFOPLIST_FILE = "RSSImageEditor/Supporting files/Info.plist";
				LD_RUNPATH_SEARCH_PATHS = (
					"$(inherited)",
					"@executable_path/Frameworks",
				);
				PRODUCT_BUNDLE_IDENTIFIER = bankov.movavi.RSSImageEditor;
				PRODUCT_NAME = "$(TARGET_NAME)";
				SWIFT_VERSION = 5.0;
				TARGETED_DEVICE_FAMILY = "1,2";
			};
			name = Debug;
		};
		9ECDE39B25C040BE0076545F /* Release */ = {
			isa = XCBuildConfiguration;
			buildSettings = {
				ASSETCATALOG_COMPILER_APPICON_NAME = AppIcon;
				ASSETCATALOG_COMPILER_GLOBAL_ACCENT_COLOR_NAME = AccentColor;
				CODE_SIGN_STYLE = Automatic;
				DEVELOPMENT_TEAM = CRP36LN34R;
				INFOPLIST_FILE = "RSSImageEditor/Supporting files/Info.plist";
				LD_RUNPATH_SEARCH_PATHS = (
					"$(inherited)",
					"@executable_path/Frameworks",
				);
				PRODUCT_BUNDLE_IDENTIFIER = bankov.movavi.RSSImageEditor;
				PRODUCT_NAME = "$(TARGET_NAME)";
				SWIFT_VERSION = 5.0;
				TARGETED_DEVICE_FAMILY = "1,2";
			};
			name = Release;
		};
/* End XCBuildConfiguration section */

/* Begin XCConfigurationList section */
		9ECDE38025C040B90076545F /* Build configuration list for PBXProject "RSSImageEditor" */ = {
			isa = XCConfigurationList;
			buildConfigurations = (
				9ECDE39725C040BE0076545F /* Debug */,
				9ECDE39825C040BE0076545F /* Release */,
			);
			defaultConfigurationIsVisible = 0;
			defaultConfigurationName = Release;
		};
		9ECDE39925C040BE0076545F /* Build configuration list for PBXNativeTarget "RSSImageEditor" */ = {
			isa = XCConfigurationList;
			buildConfigurations = (
				9ECDE39A25C040BE0076545F /* Debug */,
				9ECDE39B25C040BE0076545F /* Release */,
			);
			defaultConfigurationIsVisible = 0;
			defaultConfigurationName = Release;
		};
/* End XCConfigurationList section */
	};
	rootObject = 9ECDE37D25C040B90076545F /* Project object */;
}
